
Microsoft Visual Studio Solution File, Format Version 12.00
# Visual Studio 15
VisualStudioVersion = 15.0.28010.0
MinimumVisualStudioVersion = 10.0.40219.1
Project("{4DF76451-A46A-4C0B-BE03-459FAAFA07E6}") = "JamfPro - Get Mobile Devices", "JamfPro - Get Mobile Devices\JamfPro - Get Mobile Devices.mproj", "{87CCCD23-FE76-4698-8572-5FB7307C4C7A}"
EndProject
Global
	GlobalSection(SolutionConfigurationPlatforms) = preSolution
		Debug|x86 = Debug|x86
		Release|x86 = Release|x86
	EndGlobalSection
	GlobalSection(ProjectConfigurationPlatforms) = postSolution
		{87CCCD23-FE76-4698-8572-5FB7307C4C7A}.Debug|x86.ActiveCfg = Debug|x86
		{87CCCD23-FE76-4698-8572-5FB7307C4C7A}.Debug|x86.Build.0 = Debug|x86
		{87CCCD23-FE76-4698-8572-5FB7307C4C7A}.Release|x86.ActiveCfg = Release|x86
		{87CCCD23-FE76-4698-8572-5FB7307C4C7A}.Release|x86.Build.0 = Release|x86
	EndGlobalSection
	GlobalSection(SolutionProperties) = preSolution
		HideSolutionNode = FALSE
	EndGlobalSection
	GlobalSection(ExtensibilityGlobals) = postSolution
		SolutionGuid = {8D0B709A-033B-4FA0-885A-F7EA80F65111}
	EndGlobalSection
EndGlobal
